
Microsoft Visual Studio Solution File, Format Version 12.00
# Visual Studio 15
VisualStudioVersion = 15.0.27130.2010
MinimumVisualStudioVersion = 10.0.40219.1
Project("{9A19103F-16F7-4668-BE54-9A1E7A4F7556}") = "PlatformBindings-Core", "Core\PlatformBindings-Core.csproj", "{49819B4E-2D4E-4FAB-BA80-4DD2FB2081CF}"
EndProject
Project("{2150E333-8FDC-42A3-9474-1A3956D46DE8}") = "Tests", "Tests", "{5004EF8D-9B09-4468-BDE1-2F1455C2FAAE}"
EndProject
Project("{2150E333-8FDC-42A3-9474-1A3956D46DE8}") = "UWP", "UWP", "{A51388C3-40E5-4DA4-AA2D-349D75E592DB}"
EndProject
Project("{2150E333-8FDC-42A3-9474-1A3956D46DE8}") = "Android", "Android", "{1250BD7A-49BF-463E-A53F-B5B5A8AE787E}"
EndProject
Project("{9A19103F-16F7-4668-BE54-9A1E7A4F7556}") = "Tests-Universal", "TestApps\Tests-Universal\Tests-Universal.csproj", "{D75853E5-F084-4D29-BB6F-26C14CA16F64}"
EndProject
Project("{FAE04EC0-301F-11D3-BF4B-00C04F79EFBC}") = "Test-Android", "TestApps\Android\Test-Android\Test-Android.csproj", "{BEE63EBC-97B3-4215-A1A8-C6054C834238}"
EndProject
Project("{FAE04EC0-301F-11D3-BF4B-00C04F79EFBC}") = "Test-UWP", "TestApps\UWP\Test-UWP\Test-UWP.csproj", "{B7A60FD7-AEB0-4FBB-90BF-3393996942BD}"
EndProject
Project("{9A19103F-16F7-4668-BE54-9A1E7A4F7556}") = "PlatformBindings-SMB", "SMB\PlatformBindings-SMB.csproj", "{6F2B13E8-FC4F-49CB-AD27-3CCA3AFC0E1B}"
EndProject
Project("{2150E333-8FDC-42A3-9474-1A3956D46DE8}") = "NETCore", "NETCore", "{7B5B14B7-0E13-425C-9951-CF4B8D62E283}"
EndProject
Project("{9A19103F-16F7-4668-BE54-9A1E7A4F7556}") = "Test-NETCore", "TestApps\NETCore\Test-NETCore.csproj", "{8D084D1C-3C66-49DC-B90A-8BA0A27248BA}"
EndProject
Project("{2150E333-8FDC-42A3-9474-1A3956D46DE8}") = "iOS", "iOS", "{E9D07B9B-7F31-49C8-BD6A-BDCB3DD238FE}"
EndProject
Project("{FAE04EC0-301F-11D3-BF4B-00C04F79EFBC}") = "Test-iOS", "TestApps\iOS\Test-iOS\Test-iOS.csproj", "{ED196E92-54F1-40C2-B056-F77FB87F9D45}"
EndProject
Project("{2150E333-8FDC-42A3-9474-1A3956D46DE8}") = "WPF", "WPF", "{B8FFCE56-0350-4D41-A4EB-88EC41923B17}"
EndProject
Project("{9A19103F-16F7-4668-BE54-9A1E7A4F7556}") = "PlatformBindings-Platform", "Platform\PlatformBindings-Platform.csproj", "{968BAFA2-8CBC-42BC-BEB4-6F537E9D272E}"
EndProject
Project("{FAE04EC0-301F-11D3-BF4B-00C04F79EFBC}") = "Test-WPF", "TestApps\WPF\Test-WPF\Test-WPF.csproj", "{6F6185D0-1DC0-4708-9A93-A7E410FC91FE}"
EndProject
Global
	GlobalSection(SolutionConfigurationPlatforms) = preSolution
		Debug|Any CPU = Debug|Any CPU
		Debug|ARM = Debug|ARM
		Debug|iPhone = Debug|iPhone
		Debug|iPhoneSimulator = Debug|iPhoneSimulator
		Debug|x64 = Debug|x64
		Debug|x86 = Debug|x86
		Release|Any CPU = Release|Any CPU
		Release|ARM = Release|ARM
		Release|iPhone = Release|iPhone
		Release|iPhoneSimulator = Release|iPhoneSimulator
		Release|x64 = Release|x64
		Release|x86 = Release|x86
	EndGlobalSection
	GlobalSection(ProjectConfigurationPlatforms) = postSolution
		{49819B4E-2D4E-4FAB-BA80-4DD2FB2081CF}.Debug|Any CPU.ActiveCfg = Debug|Any CPU
		{49819B4E-2D4E-4FAB-BA80-4DD2FB2081CF}.Debug|Any CPU.Build.0 = Debug|Any CPU
		{49819B4E-2D4E-4FAB-BA80-4DD2FB2081CF}.Debug|ARM.ActiveCfg = Debug|Any CPU
		{49819B4E-2D4E-4FAB-BA80-4DD2FB2081CF}.Debug|ARM.Build.0 = Debug|Any CPU
		{49819B4E-2D4E-4FAB-BA80-4DD2FB2081CF}.Debug|iPhone.ActiveCfg = Debug|Any CPU
		{49819B4E-2D4E-4FAB-BA80-4DD2FB2081CF}.Debug|iPhone.Build.0 = Debug|Any CPU
		{49819B4E-2D4E-4FAB-BA80-4DD2FB2081CF}.Debug|iPhoneSimulator.ActiveCfg = Debug|Any CPU
		{49819B4E-2D4E-4FAB-BA80-4DD2FB2081CF}.Debug|iPhoneSimulator.Build.0 = Debug|Any CPU
		{49819B4E-2D4E-4FAB-BA80-4DD2FB2081CF}.Debug|x64.ActiveCfg = Debug|Any CPU
		{49819B4E-2D4E-4FAB-BA80-4DD2FB2081CF}.Debug|x64.Build.0 = Debug|Any CPU
		{49819B4E-2D4E-4FAB-BA80-4DD2FB2081CF}.Debug|x86.ActiveCfg = Debug|Any CPU
		{49819B4E-2D4E-4FAB-BA80-4DD2FB2081CF}.Debug|x86.Build.0 = Debug|Any CPU
		{49819B4E-2D4E-4FAB-BA80-4DD2FB2081CF}.Release|Any CPU.ActiveCfg = Release|Any CPU
		{49819B4E-2D4E-4FAB-BA80-4DD2FB2081CF}.Release|Any CPU.Build.0 = Release|Any CPU
		{49819B4E-2D4E-4FAB-BA80-4DD2FB2081CF}.Release|ARM.ActiveCfg = Release|Any CPU
		{49819B4E-2D4E-4FAB-BA80-4DD2FB2081CF}.Release|ARM.Build.0 = Release|Any CPU
		{49819B4E-2D4E-4FAB-BA80-4DD2FB2081CF}.Release|iPhone.ActiveCfg = Release|Any CPU
		{49819B4E-2D4E-4FAB-BA80-4DD2FB2081CF}.Release|iPhone.Build.0 = Release|Any CPU
		{49819B4E-2D4E-4FAB-BA80-4DD2FB2081CF}.Release|iPhoneSimulator.ActiveCfg = Release|Any CPU
		{49819B4E-2D4E-4FAB-BA80-4DD2FB2081CF}.Release|iPhoneSimulator.Build.0 = Release|Any CPU
		{49819B4E-2D4E-4FAB-BA80-4DD2FB2081CF}.Release|x64.ActiveCfg = Release|Any CPU
		{49819B4E-2D4E-4FAB-BA80-4DD2FB2081CF}.Release|x64.Build.0 = Release|Any CPU
		{49819B4E-2D4E-4FAB-BA80-4DD2FB2081CF}.Release|x86.ActiveCfg = Release|Any CPU
		{49819B4E-2D4E-4FAB-BA80-4DD2FB2081CF}.Release|x86.Build.0 = Release|Any CPU
		{D75853E5-F084-4D29-BB6F-26C14CA16F64}.Debug|Any CPU.ActiveCfg = Debug|Any CPU
		{D75853E5-F084-4D29-BB6F-26C14CA16F64}.Debug|Any CPU.Build.0 = Debug|Any CPU
		{D75853E5-F084-4D29-BB6F-26C14CA16F64}.Debug|ARM.ActiveCfg = Debug|Any CPU
		{D75853E5-F084-4D29-BB6F-26C14CA16F64}.Debug|ARM.Build.0 = Debug|Any CPU
		{D75853E5-F084-4D29-BB6F-26C14CA16F64}.Debug|iPhone.ActiveCfg = Debug|Any CPU
		{D75853E5-F084-4D29-BB6F-26C14CA16F64}.Debug|iPhone.Build.0 = Debug|Any CPU
		{D75853E5-F084-4D29-BB6F-26C14CA16F64}.Debug|iPhoneSimulator.ActiveCfg = Debug|Any CPU
		{D75853E5-F084-4D29-BB6F-26C14CA16F64}.Debug|iPhoneSimulator.Build.0 = Debug|Any CPU
		{D75853E5-F084-4D29-BB6F-26C14CA16F64}.Debug|x64.ActiveCfg = Debug|Any CPU
		{D75853E5-F084-4D29-BB6F-26C14CA16F64}.Debug|x64.Build.0 = Debug|Any CPU
		{D75853E5-F084-4D29-BB6F-26C14CA16F64}.Debug|x86.ActiveCfg = Debug|Any CPU
		{D75853E5-F084-4D29-BB6F-26C14CA16F64}.Debug|x86.Build.0 = Debug|Any CPU
		{D75853E5-F084-4D29-BB6F-26C14CA16F64}.Release|Any CPU.ActiveCfg = Release|Any CPU
		{D75853E5-F084-4D29-BB6F-26C14CA16F64}.Release|Any CPU.Build.0 = Release|Any CPU
		{D75853E5-F084-4D29-BB6F-26C14CA16F64}.Release|ARM.ActiveCfg = Release|Any CPU
		{D75853E5-F084-4D29-BB6F-26C14CA16F64}.Release|ARM.Build.0 = Release|Any CPU
		{D75853E5-F084-4D29-BB6F-26C14CA16F64}.Release|iPhone.ActiveCfg = Release|Any CPU
		{D75853E5-F084-4D29-BB6F-26C14CA16F64}.Release|iPhone.Build.0 = Release|Any CPU
		{D75853E5-F084-4D29-BB6F-26C14CA16F64}.Release|iPhoneSimulator.ActiveCfg = Release|Any CPU
		{D75853E5-F084-4D29-BB6F-26C14CA16F64}.Release|iPhoneSimulator.Build.0 = Release|Any CPU
		{D75853E5-F084-4D29-BB6F-26C14CA16F64}.Release|x64.ActiveCfg = Release|Any CPU
		{D75853E5-F084-4D29-BB6F-26C14CA16F64}.Release|x64.Build.0 = Release|Any CPU
		{D75853E5-F084-4D29-BB6F-26C14CA16F64}.Release|x86.ActiveCfg = Release|Any CPU
		{D75853E5-F084-4D29-BB6F-26C14CA16F64}.Release|x86.Build.0 = Release|Any CPU
		{BEE63EBC-97B3-4215-A1A8-C6054C834238}.Debug|Any CPU.ActiveCfg = Debug|Any CPU
		{BEE63EBC-97B3-4215-A1A8-C6054C834238}.Debug|Any CPU.Build.0 = Debug|Any CPU
		{BEE63EBC-97B3-4215-A1A8-C6054C834238}.Debug|Any CPU.Deploy.0 = Debug|Any CPU
		{BEE63EBC-97B3-4215-A1A8-C6054C834238}.Debug|ARM.ActiveCfg = Debug|Any CPU
		{BEE63EBC-97B3-4215-A1A8-C6054C834238}.Debug|ARM.Build.0 = Debug|Any CPU
		{BEE63EBC-97B3-4215-A1A8-C6054C834238}.Debug|ARM.Deploy.0 = Debug|Any CPU
		{BEE63EBC-97B3-4215-A1A8-C6054C834238}.Debug|iPhone.ActiveCfg = Debug|Any CPU
		{BEE63EBC-97B3-4215-A1A8-C6054C834238}.Debug|iPhone.Build.0 = Debug|Any CPU
		{BEE63EBC-97B3-4215-A1A8-C6054C834238}.Debug|iPhone.Deploy.0 = Debug|Any CPU
		{BEE63EBC-97B3-4215-A1A8-C6054C834238}.Debug|iPhoneSimulator.ActiveCfg = Debug|Any CPU
		{BEE63EBC-97B3-4215-A1A8-C6054C834238}.Debug|iPhoneSimulator.Build.0 = Debug|Any CPU
		{BEE63EBC-97B3-4215-A1A8-C6054C834238}.Debug|iPhoneSimulator.Deploy.0 = Debug|Any CPU
		{BEE63EBC-97B3-4215-A1A8-C6054C834238}.Debug|x64.ActiveCfg = Debug|Any CPU
		{BEE63EBC-97B3-4215-A1A8-C6054C834238}.Debug|x64.Build.0 = Debug|Any CPU
		{BEE63EBC-97B3-4215-A1A8-C6054C834238}.Debug|x64.Deploy.0 = Debug|Any CPU
		{BEE63EBC-97B3-4215-A1A8-C6054C834238}.Debug|x86.ActiveCfg = Debug|Any CPU
		{BEE63EBC-97B3-4215-A1A8-C6054C834238}.Debug|x86.Build.0 = Debug|Any CPU
		{BEE63EBC-97B3-4215-A1A8-C6054C834238}.Debug|x86.Deploy.0 = Debug|Any CPU
		{BEE63EBC-97B3-4215-A1A8-C6054C834238}.Release|Any CPU.ActiveCfg = Release|Any CPU
		{BEE63EBC-97B3-4215-A1A8-C6054C834238}.Release|Any CPU.Build.0 = Release|Any CPU
		{BEE63EBC-97B3-4215-A1A8-C6054C834238}.Release|Any CPU.Deploy.0 = Release|Any CPU
		{BEE63EBC-97B3-4215-A1A8-C6054C834238}.Release|ARM.ActiveCfg = Release|Any CPU
		{BEE63EBC-97B3-4215-A1A8-C6054C834238}.Release|ARM.Build.0 = Release|Any CPU
		{BEE63EBC-97B3-4215-A1A8-C6054C834238}.Release|ARM.Deploy.0 = Release|Any CPU
		{BEE63EBC-97B3-4215-A1A8-C6054C834238}.Release|iPhone.ActiveCfg = Release|Any CPU
		{BEE63EBC-97B3-4215-A1A8-C6054C834238}.Release|iPhone.Build.0 = Release|Any CPU
		{BEE63EBC-97B3-4215-A1A8-C6054C834238}.Release|iPhone.Deploy.0 = Release|Any CPU
		{BEE63EBC-97B3-4215-A1A8-C6054C834238}.Release|iPhoneSimulator.ActiveCfg = Release|Any CPU
		{BEE63EBC-97B3-4215-A1A8-C6054C834238}.Release|iPhoneSimulator.Build.0 = Release|Any CPU
		{BEE63EBC-97B3-4215-A1A8-C6054C834238}.Release|iPhoneSimulator.Deploy.0 = Release|Any CPU
		{BEE63EBC-97B3-4215-A1A8-C6054C834238}.Release|x64.ActiveCfg = Release|Any CPU
		{BEE63EBC-97B3-4215-A1A8-C6054C834238}.Release|x64.Build.0 = Release|Any CPU
		{BEE63EBC-97B3-4215-A1A8-C6054C834238}.Release|x64.Deploy.0 = Release|Any CPU
		{BEE63EBC-97B3-4215-A1A8-C6054C834238}.Release|x86.ActiveCfg = Release|Any CPU
		{BEE63EBC-97B3-4215-A1A8-C6054C834238}.Release|x86.Build.0 = Release|Any CPU
		{BEE63EBC-97B3-4215-A1A8-C6054C834238}.Release|x86.Deploy.0 = Release|Any CPU
		{B7A60FD7-AEB0-4FBB-90BF-3393996942BD}.Debug|Any CPU.ActiveCfg = Debug|x86
		{B7A60FD7-AEB0-4FBB-90BF-3393996942BD}.Debug|ARM.ActiveCfg = Debug|ARM
		{B7A60FD7-AEB0-4FBB-90BF-3393996942BD}.Debug|ARM.Build.0 = Debug|ARM
		{B7A60FD7-AEB0-4FBB-90BF-3393996942BD}.Debug|ARM.Deploy.0 = Debug|ARM
		{B7A60FD7-AEB0-4FBB-90BF-3393996942BD}.Debug|iPhone.ActiveCfg = Debug|x86
		{B7A60FD7-AEB0-4FBB-90BF-3393996942BD}.Debug|iPhoneSimulator.ActiveCfg = Debug|x86
		{B7A60FD7-AEB0-4FBB-90BF-3393996942BD}.Debug|x64.ActiveCfg = Debug|x64
		{B7A60FD7-AEB0-4FBB-90BF-3393996942BD}.Debug|x64.Build.0 = Debug|x64
		{B7A60FD7-AEB0-4FBB-90BF-3393996942BD}.Debug|x64.Deploy.0 = Debug|x64
		{B7A60FD7-AEB0-4FBB-90BF-3393996942BD}.Debug|x86.ActiveCfg = Debug|x86
		{B7A60FD7-AEB0-4FBB-90BF-3393996942BD}.Debug|x86.Build.0 = Debug|x86
		{B7A60FD7-AEB0-4FBB-90BF-3393996942BD}.Debug|x86.Deploy.0 = Debug|x86
		{B7A60FD7-AEB0-4FBB-90BF-3393996942BD}.Release|Any CPU.ActiveCfg = Release|x86
		{B7A60FD7-AEB0-4FBB-90BF-3393996942BD}.Release|ARM.ActiveCfg = Release|ARM
		{B7A60FD7-AEB0-4FBB-90BF-3393996942BD}.Release|ARM.Build.0 = Release|ARM
		{B7A60FD7-AEB0-4FBB-90BF-3393996942BD}.Release|ARM.Deploy.0 = Release|ARM
		{B7A60FD7-AEB0-4FBB-90BF-3393996942BD}.Release|iPhone.ActiveCfg = Release|x86
		{B7A60FD7-AEB0-4FBB-90BF-3393996942BD}.Release|iPhoneSimulator.ActiveCfg = Release|x86
		{B7A60FD7-AEB0-4FBB-90BF-3393996942BD}.Release|x64.ActiveCfg = Release|x64
		{B7A60FD7-AEB0-4FBB-90BF-3393996942BD}.Release|x64.Build.0 = Release|x64
		{B7A60FD7-AEB0-4FBB-90BF-3393996942BD}.Release|x64.Deploy.0 = Release|x64
		{B7A60FD7-AEB0-4FBB-90BF-3393996942BD}.Release|x86.ActiveCfg = Release|x86
		{B7A60FD7-AEB0-4FBB-90BF-3393996942BD}.Release|x86.Build.0 = Release|x86
		{B7A60FD7-AEB0-4FBB-90BF-3393996942BD}.Release|x86.Deploy.0 = Release|x86
		{6F2B13E8-FC4F-49CB-AD27-3CCA3AFC0E1B}.Debug|Any CPU.ActiveCfg = Debug|Any CPU
		{6F2B13E8-FC4F-49CB-AD27-3CCA3AFC0E1B}.Debug|Any CPU.Build.0 = Debug|Any CPU
		{6F2B13E8-FC4F-49CB-AD27-3CCA3AFC0E1B}.Debug|ARM.ActiveCfg = Debug|Any CPU
		{6F2B13E8-FC4F-49CB-AD27-3CCA3AFC0E1B}.Debug|ARM.Build.0 = Debug|Any CPU
		{6F2B13E8-FC4F-49CB-AD27-3CCA3AFC0E1B}.Debug|iPhone.ActiveCfg = Debug|Any CPU
		{6F2B13E8-FC4F-49CB-AD27-3CCA3AFC0E1B}.Debug|iPhone.Build.0 = Debug|Any CPU
		{6F2B13E8-FC4F-49CB-AD27-3CCA3AFC0E1B}.Debug|iPhoneSimulator.ActiveCfg = Debug|Any CPU
		{6F2B13E8-FC4F-49CB-AD27-3CCA3AFC0E1B}.Debug|iPhoneSimulator.Build.0 = Debug|Any CPU
		{6F2B13E8-FC4F-49CB-AD27-3CCA3AFC0E1B}.Debug|x64.ActiveCfg = Debug|Any CPU
		{6F2B13E8-FC4F-49CB-AD27-3CCA3AFC0E1B}.Debug|x64.Build.0 = Debug|Any CPU
		{6F2B13E8-FC4F-49CB-AD27-3CCA3AFC0E1B}.Debug|x86.ActiveCfg = Debug|Any CPU
		{6F2B13E8-FC4F-49CB-AD27-3CCA3AFC0E1B}.Debug|x86.Build.0 = Debug|Any CPU
		{6F2B13E8-FC4F-49CB-AD27-3CCA3AFC0E1B}.Release|Any CPU.ActiveCfg = Release|Any CPU
		{6F2B13E8-FC4F-49CB-AD27-3CCA3AFC0E1B}.Release|Any CPU.Build.0 = Release|Any CPU
		{6F2B13E8-FC4F-49CB-AD27-3CCA3AFC0E1B}.Release|ARM.ActiveCfg = Release|Any CPU
		{6F2B13E8-FC4F-49CB-AD27-3CCA3AFC0E1B}.Release|ARM.Build.0 = Release|Any CPU
		{6F2B13E8-FC4F-49CB-AD27-3CCA3AFC0E1B}.Release|iPhone.ActiveCfg = Release|Any CPU
		{6F2B13E8-FC4F-49CB-AD27-3CCA3AFC0E1B}.Release|iPhone.Build.0 = Release|Any CPU
		{6F2B13E8-FC4F-49CB-AD27-3CCA3AFC0E1B}.Release|iPhoneSimulator.ActiveCfg = Release|Any CPU
		{6F2B13E8-FC4F-49CB-AD27-3CCA3AFC0E1B}.Release|iPhoneSimulator.Build.0 = Release|Any CPU
		{6F2B13E8-FC4F-49CB-AD27-3CCA3AFC0E1B}.Release|x64.ActiveCfg = Release|Any CPU
		{6F2B13E8-FC4F-49CB-AD27-3CCA3AFC0E1B}.Release|x64.Build.0 = Release|Any CPU
		{6F2B13E8-FC4F-49CB-AD27-3CCA3AFC0E1B}.Release|x86.ActiveCfg = Release|Any CPU
		{6F2B13E8-FC4F-49CB-AD27-3CCA3AFC0E1B}.Release|x86.Build.0 = Release|Any CPU
		{8D084D1C-3C66-49DC-B90A-8BA0A27248BA}.Debug|Any CPU.ActiveCfg = Debug|Any CPU
		{8D084D1C-3C66-49DC-B90A-8BA0A27248BA}.Debug|Any CPU.Build.0 = Debug|Any CPU
		{8D084D1C-3C66-49DC-B90A-8BA0A27248BA}.Debug|ARM.ActiveCfg = Debug|Any CPU
		{8D084D1C-3C66-49DC-B90A-8BA0A27248BA}.Debug|ARM.Build.0 = Debug|Any CPU
		{8D084D1C-3C66-49DC-B90A-8BA0A27248BA}.Debug|iPhone.ActiveCfg = Debug|Any CPU
		{8D084D1C-3C66-49DC-B90A-8BA0A27248BA}.Debug|iPhone.Build.0 = Debug|Any CPU
		{8D084D1C-3C66-49DC-B90A-8BA0A27248BA}.Debug|iPhoneSimulator.ActiveCfg = Debug|Any CPU
		{8D084D1C-3C66-49DC-B90A-8BA0A27248BA}.Debug|iPhoneSimulator.Build.0 = Debug|Any CPU
		{8D084D1C-3C66-49DC-B90A-8BA0A27248BA}.Debug|x64.ActiveCfg = Debug|Any CPU
		{8D084D1C-3C66-49DC-B90A-8BA0A27248BA}.Debug|x64.Build.0 = Debug|Any CPU
		{8D084D1C-3C66-49DC-B90A-8BA0A27248BA}.Debug|x86.ActiveCfg = Debug|Any CPU
		{8D084D1C-3C66-49DC-B90A-8BA0A27248BA}.Debug|x86.Build.0 = Debug|Any CPU
		{8D084D1C-3C66-49DC-B90A-8BA0A27248BA}.Release|Any CPU.ActiveCfg = Release|Any CPU
		{8D084D1C-3C66-49DC-B90A-8BA0A27248BA}.Release|Any CPU.Build.0 = Release|Any CPU
		{8D084D1C-3C66-49DC-B90A-8BA0A27248BA}.Release|ARM.ActiveCfg = Release|Any CPU
		{8D084D1C-3C66-49DC-B90A-8BA0A27248BA}.Release|ARM.Build.0 = Release|Any CPU
		{8D084D1C-3C66-49DC-B90A-8BA0A27248BA}.Release|iPhone.ActiveCfg = Release|Any CPU
		{8D084D1C-3C66-49DC-B90A-8BA0A27248BA}.Release|iPhone.Build.0 = Release|Any CPU
		{8D084D1C-3C66-49DC-B90A-8BA0A27248BA}.Release|iPhoneSimulator.ActiveCfg = Release|Any CPU
		{8D084D1C-3C66-49DC-B90A-8BA0A27248BA}.Release|iPhoneSimulator.Build.0 = Release|Any CPU
		{8D084D1C-3C66-49DC-B90A-8BA0A27248BA}.Release|x64.ActiveCfg = Release|Any CPU
		{8D084D1C-3C66-49DC-B90A-8BA0A27248BA}.Release|x64.Build.0 = Release|Any CPU
		{8D084D1C-3C66-49DC-B90A-8BA0A27248BA}.Release|x86.ActiveCfg = Release|Any CPU
		{8D084D1C-3C66-49DC-B90A-8BA0A27248BA}.Release|x86.Build.0 = Release|Any CPU
		{ED196E92-54F1-40C2-B056-F77FB87F9D45}.Debug|Any CPU.ActiveCfg = Debug|iPhone
		{ED196E92-54F1-40C2-B056-F77FB87F9D45}.Debug|ARM.ActiveCfg = Debug|iPhone
		{ED196E92-54F1-40C2-B056-F77FB87F9D45}.Debug|iPhone.ActiveCfg = Debug|iPhone
		{ED196E92-54F1-40C2-B056-F77FB87F9D45}.Debug|iPhone.Build.0 = Debug|iPhone
		{ED196E92-54F1-40C2-B056-F77FB87F9D45}.Debug|iPhoneSimulator.ActiveCfg = Debug|iPhoneSimulator
		{ED196E92-54F1-40C2-B056-F77FB87F9D45}.Debug|iPhoneSimulator.Build.0 = Debug|iPhoneSimulator
		{ED196E92-54F1-40C2-B056-F77FB87F9D45}.Debug|x64.ActiveCfg = Debug|iPhone
		{ED196E92-54F1-40C2-B056-F77FB87F9D45}.Debug|x86.ActiveCfg = Debug|iPhone
		{ED196E92-54F1-40C2-B056-F77FB87F9D45}.Release|Any CPU.ActiveCfg = Release|iPhone
		{ED196E92-54F1-40C2-B056-F77FB87F9D45}.Release|ARM.ActiveCfg = Release|iPhone
		{ED196E92-54F1-40C2-B056-F77FB87F9D45}.Release|iPhone.ActiveCfg = Release|iPhone
		{ED196E92-54F1-40C2-B056-F77FB87F9D45}.Release|iPhone.Build.0 = Release|iPhone
		{ED196E92-54F1-40C2-B056-F77FB87F9D45}.Release|iPhoneSimulator.ActiveCfg = Release|iPhoneSimulator
		{ED196E92-54F1-40C2-B056-F77FB87F9D45}.Release|iPhoneSimulator.Build.0 = Release|iPhoneSimulator
		{ED196E92-54F1-40C2-B056-F77FB87F9D45}.Release|x64.ActiveCfg = Release|iPhone
		{ED196E92-54F1-40C2-B056-F77FB87F9D45}.Release|x86.ActiveCfg = Release|iPhone
		{968BAFA2-8CBC-42BC-BEB4-6F537E9D272E}.Debug|Any CPU.ActiveCfg = Debug|Any CPU
		{968BAFA2-8CBC-42BC-BEB4-6F537E9D272E}.Debug|Any CPU.Build.0 = Debug|Any CPU
		{968BAFA2-8CBC-42BC-BEB4-6F537E9D272E}.Debug|ARM.ActiveCfg = Debug|Any CPU
		{968BAFA2-8CBC-42BC-BEB4-6F537E9D272E}.Debug|ARM.Build.0 = Debug|Any CPU
		{968BAFA2-8CBC-42BC-BEB4-6F537E9D272E}.Debug|iPhone.ActiveCfg = Debug|Any CPU
		{968BAFA2-8CBC-42BC-BEB4-6F537E9D272E}.Debug|iPhone.Build.0 = Debug|Any CPU
		{968BAFA2-8CBC-42BC-BEB4-6F537E9D272E}.Debug|iPhoneSimulator.ActiveCfg = Debug|Any CPU
		{968BAFA2-8CBC-42BC-BEB4-6F537E9D272E}.Debug|iPhoneSimulator.Build.0 = Debug|Any CPU
		{968BAFA2-8CBC-42BC-BEB4-6F537E9D272E}.Debug|x64.ActiveCfg = Debug|Any CPU
		{968BAFA2-8CBC-42BC-BEB4-6F537E9D272E}.Debug|x64.Build.0 = Debug|Any CPU
		{968BAFA2-8CBC-42BC-BEB4-6F537E9D272E}.Debug|x86.ActiveCfg = Debug|Any CPU
		{968BAFA2-8CBC-42BC-BEB4-6F537E9D272E}.Debug|x86.Build.0 = Debug|Any CPU
		{968BAFA2-8CBC-42BC-BEB4-6F537E9D272E}.Release|Any CPU.ActiveCfg = Release|Any CPU
		{968BAFA2-8CBC-42BC-BEB4-6F537E9D272E}.Release|Any CPU.Build.0 = Release|Any CPU
		{968BAFA2-8CBC-42BC-BEB4-6F537E9D272E}.Release|ARM.ActiveCfg = Release|Any CPU
		{968BAFA2-8CBC-42BC-BEB4-6F537E9D272E}.Release|ARM.Build.0 = Release|Any CPU
		{968BAFA2-8CBC-42BC-BEB4-6F537E9D272E}.Release|iPhone.ActiveCfg = Release|Any CPU
		{968BAFA2-8CBC-42BC-BEB4-6F537E9D272E}.Release|iPhone.Build.0 = Release|Any CPU
		{968BAFA2-8CBC-42BC-BEB4-6F537E9D272E}.Release|iPhoneSimulator.ActiveCfg = Release|Any CPU
		{968BAFA2-8CBC-42BC-BEB4-6F537E9D272E}.Release|iPhoneSimulator.Build.0 = Release|Any CPU
		{968BAFA2-8CBC-42BC-BEB4-6F537E9D272E}.Release|x64.ActiveCfg = Release|Any CPU
		{968BAFA2-8CBC-42BC-BEB4-6F537E9D272E}.Release|x64.Build.0 = Release|Any CPU
		{968BAFA2-8CBC-42BC-BEB4-6F537E9D272E}.Release|x86.ActiveCfg = Release|Any CPU
		{968BAFA2-8CBC-42BC-BEB4-6F537E9D272E}.Release|x86.Build.0 = Release|Any CPU
		{6F6185D0-1DC0-4708-9A93-A7E410FC91FE}.Debug|Any CPU.ActiveCfg = Debug|Any CPU
		{6F6185D0-1DC0-4708-9A93-A7E410FC91FE}.Debug|Any CPU.Build.0 = Debug|Any CPU
		{6F6185D0-1DC0-4708-9A93-A7E410FC91FE}.Debug|ARM.ActiveCfg = Debug|Any CPU
		{6F6185D0-1DC0-4708-9A93-A7E410FC91FE}.Debug|ARM.Build.0 = Debug|Any CPU
		{6F6185D0-1DC0-4708-9A93-A7E410FC91FE}.Debug|iPhone.ActiveCfg = Debug|Any CPU
		{6F6185D0-1DC0-4708-9A93-A7E410FC91FE}.Debug|iPhone.Build.0 = Debug|Any CPU
		{6F6185D0-1DC0-4708-9A93-A7E410FC91FE}.Debug|iPhoneSimulator.ActiveCfg = Debug|Any CPU
		{6F6185D0-1DC0-4708-9A93-A7E410FC91FE}.Debug|iPhoneSimulator.Build.0 = Debug|Any CPU
		{6F6185D0-1DC0-4708-9A93-A7E410FC91FE}.Debug|x64.ActiveCfg = Debug|Any CPU
		{6F6185D0-1DC0-4708-9A93-A7E410FC91FE}.Debug|x64.Build.0 = Debug|Any CPU
		{6F6185D0-1DC0-4708-9A93-A7E410FC91FE}.Debug|x86.ActiveCfg = Debug|Any CPU
		{6F6185D0-1DC0-4708-9A93-A7E410FC91FE}.Debug|x86.Build.0 = Debug|Any CPU
		{6F6185D0-1DC0-4708-9A93-A7E410FC91FE}.Release|Any CPU.ActiveCfg = Release|Any CPU
		{6F6185D0-1DC0-4708-9A93-A7E410FC91FE}.Release|Any CPU.Build.0 = Release|Any CPU
		{6F6185D0-1DC0-4708-9A93-A7E410FC91FE}.Release|ARM.ActiveCfg = Release|Any CPU
		{6F6185D0-1DC0-4708-9A93-A7E410FC91FE}.Release|ARM.Build.0 = Release|Any CPU
		{6F6185D0-1DC0-4708-9A93-A7E410FC91FE}.Release|iPhone.ActiveCfg = Release|Any CPU
		{6F6185D0-1DC0-4708-9A93-A7E410FC91FE}.Release|iPhone.Build.0 = Release|Any CPU
		{6F6185D0-1DC0-4708-9A93-A7E410FC91FE}.Release|iPhoneSimulator.ActiveCfg = Release|Any CPU
		{6F6185D0-1DC0-4708-9A93-A7E410FC91FE}.Release|iPhoneSimulator.Build.0 = Release|Any CPU
		{6F6185D0-1DC0-4708-9A93-A7E410FC91FE}.Release|x64.ActiveCfg = Release|Any CPU
		{6F6185D0-1DC0-4708-9A93-A7E410FC91FE}.Release|x64.Build.0 = Release|Any CPU
		{6F6185D0-1DC0-4708-9A93-A7E410FC91FE}.Release|x86.ActiveCfg = Release|Any CPU
		{6F6185D0-1DC0-4708-9A93-A7E410FC91FE}.Release|x86.Build.0 = Release|Any CPU
	EndGlobalSection
	GlobalSection(SolutionProperties) = preSolution
		HideSolutionNode = FALSE
	EndGlobalSection
	GlobalSection(NestedProjects) = preSolution
		{A51388C3-40E5-4DA4-AA2D-349D75E592DB} = {5004EF8D-9B09-4468-BDE1-2F1455C2FAAE}
		{1250BD7A-49BF-463E-A53F-B5B5A8AE787E} = {5004EF8D-9B09-4468-BDE1-2F1455C2FAAE}
		{D75853E5-F084-4D29-BB6F-26C14CA16F64} = {5004EF8D-9B09-4468-BDE1-2F1455C2FAAE}
		{BEE63EBC-97B3-4215-A1A8-C6054C834238} = {1250BD7A-49BF-463E-A53F-B5B5A8AE787E}
		{B7A60FD7-AEB0-4FBB-90BF-3393996942BD} = {A51388C3-40E5-4DA4-AA2D-349D75E592DB}
		{7B5B14B7-0E13-425C-9951-CF4B8D62E283} = {5004EF8D-9B09-4468-BDE1-2F1455C2FAAE}
		{8D084D1C-3C66-49DC-B90A-8BA0A27248BA} = {7B5B14B7-0E13-425C-9951-CF4B8D62E283}
		{E9D07B9B-7F31-49C8-BD6A-BDCB3DD238FE} = {5004EF8D-9B09-4468-BDE1-2F1455C2FAAE}
		{ED196E92-54F1-40C2-B056-F77FB87F9D45} = {E9D07B9B-7F31-49C8-BD6A-BDCB3DD238FE}
		{B8FFCE56-0350-4D41-A4EB-88EC41923B17} = {5004EF8D-9B09-4468-BDE1-2F1455C2FAAE}
		{6F6185D0-1DC0-4708-9A93-A7E410FC91FE} = {B8FFCE56-0350-4D41-A4EB-88EC41923B17}
	EndGlobalSection
	GlobalSection(ExtensibilityGlobals) = postSolution
		SolutionGuid = {F29D3568-CA96-478E-B0F4-76698467FEF6}
	EndGlobalSection
EndGlobal
